// !$*UTF8*$!
{
	archiveVersion = 1;
	classes = {
	};
	objectVersion = 77;
	objects = {

/* Begin PBXBuildFile section */
		5508D2932F894DF60039E1B4 /* FirebaseStorage in Frameworks */ = {isa = PBXBuildFile; productRef = 5508D2922F894DF60039E1B4 /* FirebaseStorage */; };
		55944DB72F56B7370067AB4A /* FirebaseAuth in Frameworks */ = {isa = PBXBuildFile; productRef = 55944DB62F56B7370067AB4A /* FirebaseAuth */; };
		55944DB92F56B7370067AB4A /* FirebaseFirestore in Frameworks */ = {isa = PBXBuildFile; productRef = 55944DB82F56B7370067AB4A /* FirebaseFirestore */; };
		55C91D782F5DDE1400D37971 /* GoogleGenerativeAI in Frameworks */ = {isa = PBXBuildFile; productRef = 55C91D772F5DDE1400D37971 /* GoogleGenerativeAI */; };
/* End PBXBuildFile section */

/* Begin PBXContainerItemProxy section */
		55944D972F56B3130067AB4A /* PBXContainerItemProxy */ = {
			isa = PBXContainerItemProxy;
			containerPortal = 55944D812F56B3110067AB4A /* Project object */;
			proxyType = 1;
			remoteGlobalIDString = 55944D882F56B3110067AB4A;
			remoteInfo = MediChain;
		};
		55944DA12F56B3130067AB4A /* PBXContainerItemProxy */ = {
			isa = PBXContainerItemProxy;
			containerPortal = 55944D812F56B3110067AB4A /* Project object */;
			proxyType = 1;
			remoteGlobalIDString = 55944D882F56B3110067AB4A;
			remoteInfo = MediChain;
		};
/* End PBXContainerItemProxy section */

/* Begin PBXFileReference section */
		55944D892F56B3110067AB4A /* MediChain.app */ = {isa = PBXFileReference; explicitFileType = wrapper.application; includeInIndex = 0; path = MediChain.app; sourceTree = BUILT_PRODUCTS_DIR; };
		55944D962F56B3130067AB4A /* MediChainTests.xctest */ = {isa = PBXFileReference; explicitFileType = wrapper.cfbundle; includeInIndex = 0; path = MediChainTests.xctest; sourceTree = BUILT_PRODUCTS_DIR; };
		55944DA02F56B3130067AB4A /* MediChainUITests.xctest */ = {isa = PBXFileReference; explicitFileType = wrapper.cfbundle; includeInIndex = 0; path = MediChainUITests.xctest; sourceTree = BUILT_PRODUCTS_DIR; };
/* End PBXFileReference section */

/* Begin PBXFileSystemSynchronizedBuildFileExceptionSet section */
		55C91D7C2F5DE59400D37971 /* Exceptions for "MediChain" folder in "MediChain" target */ = {
			isa = PBXFileSystemSynchronizedBuildFileExceptionSet;
			membershipExceptions = (
				Info.plist,
			);
			target = 55944D882F56B3110067AB4A /* MediChain */;
		};
/* End PBXFileSystemSynchronizedBuildFileExceptionSet section */

/* Begin PBXFileSystemSynchronizedRootGroup section */
		55944D8B2F56B3110067AB4A /* MediChain */ = {
			isa = PBXFileSystemSynchronizedRootGroup;
			exceptions = (
				55C91D7C2F5DE59400D37971 /* Exceptions for "MediChain" folder in "MediChain" target */,
			);
			path = MediChain;
			sourceTree = "<group>";
		};
		55944D992F56B3130067AB4A /* MediChainTests */ = {
			isa = PBXFileSystemSynchronizedRootGroup;
			path = MediChainTests;
			sourceTree = "<group>";
		};
		55944DA32F56B3130067AB4A /* MediChainUITests */ = {
			isa = PBXFileSystemSynchronizedRootGroup;
			path = MediChainUITests;
			sourceTree = "<group>";
		};
/* End PBXFileSystemSynchronizedRootGroup section */

/* Begin PBXFrameworksBuildPhase section */
		55944D862F56B3110067AB4A /* Frameworks */ = {
			isa = PBXFrameworksBuildPhase;
			buildActionMask = 2147483647;
			files = (
				55C91D782F5DDE1400D37971 /* GoogleGenerativeAI in Frameworks */,
				5508D2932F894DF60039E1B4 /* FirebaseStorage in Frameworks */,
				55944DB72F56B7370067AB4A /* FirebaseAuth in Frameworks */,
				55944DB92F56B7370067AB4A /* FirebaseFirestore in Frameworks */,
			);
			runOnlyForDeploymentPostprocessing = 0;
		};
		55944D932F56B3130067AB4A /* Frameworks */ = {
			isa = PBXFrameworksBuildPhase;
			buildActionMask = 2147483647;
			files = (
			);
			runOnlyForDeploymentPostprocessing = 0;
		};
		55944D9D2F56B3130067AB4A /* Frameworks */ = {
			isa = PBXFrameworksBuildPhase;
			buildActionMask = 2147483647;
			files = (
			);
			runOnlyForDeploymentPostprocessing = 0;
		};
/* End PBXFrameworksBuildPhase section */

/* Begin PBXGroup section */
		5508D2912F894DF60039E1B4 /* Frameworks */ = {
			isa = PBXGroup;
			children = (
			);
			name = Frameworks;
			sourceTree = "<group>";
		};
		55944D802F56B3110067AB4A = {
			isa = PBXGroup;
			children = (
				55944D8B2F56B3110067AB4A /* MediChain */,
				55944D992F56B3130067AB4A /* MediChainTests */,
				55944DA32F56B3130067AB4A /* MediChainUITests */,
				5508D2912F894DF60039E1B4 /* Frameworks */,
				55944D8A2F56B3110067AB4A /* Products */,
			);
			sourceTree = "<group>";
		};
		55944D8A2F56B3110067AB4A /* Products */ = {
			isa = PBXGroup;
			children = (
				55944D892F56B3110067AB4A /* MediChain.app */,
				55944D962F56B3130067AB4A /* MediChainTests.xctest */,
				55944DA02F56B3130067AB4A /* MediChainUITests.xctest */,
			);
			name = Products;
			sourceTree = "<group>";
		};
/* End PBXGroup section */

/* Begin PBXNativeTarget section */
		55944D882F56B3110067AB4A /* MediChain */ = {
			isa = PBXNativeTarget;
			buildConfigurationList = 55944DAA2F56B3130067AB4A /* Build configuration list for PBXNativeTarget "MediChain" */;
			buildPhases = (
				55944D852F56B3110067AB4A /* Sources */,
				55944D862F56B3110067AB4A /* Frameworks */,
				55944D872F56B3110067AB4A /* Resources */,
			);
			buildRules = (
			);
			dependencies = (
			);
			fileSystemSynchronizedGroups = (
				55944D8B2F56B3110067AB4A /* MediChain */,
			);
			name = MediChain;
			packageProductDependencies = (
				55944DB62F56B7370067AB4A /* FirebaseAuth */,
				55944DB82F56B7370067AB4A /* FirebaseFirestore */,
				55C91D772F5DDE1400D37971 /* GoogleGenerativeAI */,
				5508D2922F894DF60039E1B4 /* FirebaseStorage */,
			);
			productName = MediChain;
			productReference = 55944D892F56B3110067AB4A /* MediChain.app */;
			productType = "com.apple.product-type.application";
		};
		55944D952F56B3130067AB4A /* MediChainTests */ = {
			isa = PBXNativeTarget;
			buildConfigurationList = 55944DAD2F56B3130067AB4A /* Build configuration list for PBXNativeTarget "MediChainTests" */;
			buildPhases = (
				55944D922F56B3130067AB4A /* Sources */,
				55944D932F56B3130067AB4A /* Frameworks */,
				55944D942F56B3130067AB4A /* Resources */,
			);
			buildRules = (
			);
			dependencies = (
				55944D982F56B3130067AB4A /* PBXTargetDependency */,
			);
			fileSystemSynchronizedGroups = (
				55944D992F56B3130067AB4A /* MediChainTests */,
			);
			name = MediChainTests;
			packageProductDependencies = (
			);
			productName = MediChainTests;
			productReference = 55944D962F56B3130067AB4A /* MediChainTests.xctest */;
			productType = "com.apple.product-type.bundle.unit-test";
		};
		55944D9F2F56B3130067AB4A /* MediChainUITests */ = {
			isa = PBXNativeTarget;
			buildConfigurationList = 55944DB02F56B3130067AB4A /* Build configuration list for PBXNativeTarget "MediChainUITests" */;
			buildPhases = (
				55944D9C2F56B3130067AB4A /* Sources */,
				55944D9D2F56B3130067AB4A /* Frameworks */,
				55944D9E2F56B3130067AB4A /* Resources */,
			);
			buildRules = (
			);
			dependencies = (
				55944DA22F56B3130067AB4A /* PBXTargetDependency */,
			);
			fileSystemSynchronizedGroups = (
				55944DA32F56B3130067AB4A /* MediChainUITests */,
			);
			name = MediChainUITests;
			packageProductDependencies = (
			);
			productName = MediChainUITests;
			productReference = 55944DA02F56B3130067AB4A /* MediChainUITests.xctest */;
			productType = "com.apple.product-type.bundle.ui-testing";
		};
/* End PBXNativeTarget section */

/* Begin PBXProject section */
		55944D812F56B3110067AB4A /* Project object */ = {
			isa = PBXProject;
			attributes = {
				BuildIndependentTargetsInParallel = 1;
				LastSwiftUpdateCheck = 2620;
				LastUpgradeCheck = 2620;
				TargetAttributes = {
					55944D882F56B3110067AB4A = {
						CreatedOnToolsVersion = 26.2;
					};
					55944D952F56B3130067AB4A = {
						CreatedOnToolsVersion = 26.2;
						TestTargetID = 55944D882F56B3110067AB4A;
					};
					55944D9F2F56B3130067AB4A = {
						CreatedOnToolsVersion = 26.2;
						TestTargetID = 55944D882F56B3110067AB4A;
					};
				};
			};
			buildConfigurationList = 55944D842F56B3110067AB4A /* Build configuration list for PBXProject "MediChain" */;
			developmentRegion = en;
			hasScannedForEncodings = 0;
			knownRegions = (
				en,
				Base,
			);
			mainGroup = 55944D802F56B3110067AB4A;
			minimizedProjectReferenceProxies = 1;
			packageReferences = (
				55944DB52F56B7360067AB4A /* XCRemoteSwiftPackageReference "firebase-ios-sdk" */,
				55C91D762F5DDE1400D37971 /* XCRemoteSwiftPackageReference "generative-ai-swift" */,
			);
			preferredProjectObjectVersion = 77;
			productRefGroup = 55944D8A2F56B3110067AB4A /* Products */;
			projectDirPath = "";
			projectRoot = "";
			targets = (
				55944D882F56B3110067AB4A /* MediChain */,
				55944D952F56B3130067AB4A /* MediChainTests */,
				55944D9F2F56B3130067AB4A /* MediChainUITests */,
			);
		};
/* End PBXProject section */

/* Begin PBXResourcesBuildPhase section */
		55944D872F56B3110067AB4A /* Resources */ = {
			isa = PBXResourcesBuildPhase;
			buildActionMask = 2147483647;
			files = (
			);
			runOnlyForDeploymentPostprocessing = 0;
		};
		55944D942F56B3130067AB4A /* Resources */ = {
			isa = PBXResourcesBuildPhase;
			buildActionMask = 2147483647;
			files = (
			);
			runOnlyForDeploymentPostprocessing = 0;
		};
		55944D9E2F56B3130067AB4A /* Resources */ = {
			isa = PBXResourcesBuildPhase;
			buildActionMask = 2147483647;
			files = (
			);
			runOnlyForDeploymentPostprocessing = 0;
		};
/* End PBXResourcesBuildPhase section */

/* Begin PBXSourcesBuildPhase section */
		55944D852F56B3110067AB4A /* Sources */ = {
			isa = PBXSourcesBuildPhase;
			buildActionMask = 2147483647;
			files = (
			);
			runOnlyForDeploymentPostprocessing = 0;
		};
		55944D922F56B3130067AB4A /* Sources */ = {
			isa = PBXSourcesBuildPhase;
			buildActionMask = 2147483647;
			files = (
			);
			runOnlyForDeploymentPostprocessing = 0;
		};
		55944D9C2F56B3130067AB4A /* Sources */ = {
			isa = PBXSourcesBuildPhase;
			buildActionMask = 2147483647;
			files = (
			);
			runOnlyForDeploymentPostprocessing = 0;
		};
/* End PBXSourcesBuildPhase section */

/* Begin PBXTargetDependency section */
		55944D982F56B3130067AB4A /* PBXTargetDependency */ = {
			isa = PBXTargetDependency;
			target = 55944D882F56B3110067AB4A /* MediChain */;
			targetProxy = 55944D972F56B3130067AB4A /* PBXContainerItemProxy */;
		};
		55944DA22F56B3130067AB4A /* PBXTargetDependency */ = {
			isa = PBXTargetDependency;
			target = 55944D882F56B3110067AB4A /* MediChain */;
			targetProxy = 55944DA12F56B3130067AB4A /* PBXContainerItemProxy */;
		};
/* End PBXTargetDependency section */

/* Begin XCBuildConfiguration section */
		55944DA82F56B3130067AB4A /* Debug */ = {
			isa = XCBuildConfiguration;
			baseConfigurationReferenceAnchor = 55944D8B2F56B3110067AB4A /* MediChain */;
			baseConfigurationReferenceRelativePath = Config.xcconfig;
			buildSettings = {
				ALWAYS_SEARCH_USER_PATHS = NO;
				ASSETCATALOG_COMPILER_GENERATE_SWIFT_ASSET_SYMBOL_EXTENSIONS = YES;
				CLANG_ANALYZER_NONNULL = YES;
				CLANG_ANALYZER_NUMBER_OBJECT_CONVERSION = YES_AGGRESSIVE;
				CLANG_CXX_LANGUAGE_STANDARD = "gnu++20";
				CLANG_ENABLE_MODULES = YES;
				CLANG_ENABLE_OBJC_ARC = YES;
				CLANG_ENABLE_OBJC_WEAK = YES;
				CLANG_WARN_BLOCK_CAPTURE_AUTORELEASING = YES;
				CLANG_WARN_BOOL_CONVERSION = YES;
				CLANG_WARN_COMMA = YES;
				CLANG_WARN_CONSTANT_CONVERSION = YES;
				CLANG_WARN_DEPRECATED_OBJC_IMPLEMENTATIONS = YES;
				CLANG_WARN_DIRECT_OBJC_ISA_USAGE = YES_ERROR;
				CLANG_WARN_DOCUMENTATION_COMMENTS = YES;
				CLANG_WARN_EMPTY_BODY = YES;
				CLANG_WARN_ENUM_CONVERSION = YES;
				CLANG_WARN_INFINITE_RECURSION = YES;
				CLANG_WARN_INT_CONVERSION = YES;
				CLANG_WARN_NON_LITERAL_NULL_CONVERSION = YES;
				CLANG_WARN_OBJC_IMPLICIT_RETAIN_SELF = YES;
				CLANG_WARN_OBJC_LITERAL_CONVERSION = YES;
				CLANG_WARN_OBJC_ROOT_CLASS = YES_ERROR;
				CLANG_WARN_QUOTED_INCLUDE_IN_FRAMEWORK_HEADER = YES;
				CLANG_WARN_RANGE_LOOP_ANALYSIS = YES;
				CLANG_WARN_STRICT_PROTOTYPES = YES;
				CLANG_WARN_SUSPICIOUS_MOVE = YES;
				CLANG_WARN_UNGUARDED_AVAILABILITY = YES_AGGRESSIVE;
				CLANG_WARN_UNREACHABLE_CODE = YES;
				CLANG_WARN__DUPLICATE_METHOD_MATCH = YES;
				COPY_PHASE_STRIP = NO;
				DEBUG_INFORMATION_FORMAT = dwarf;
				ENABLE_STRICT_OBJC_MSGSEND = YES;
				ENABLE_TESTABILITY = YES;
				ENABLE_USER_SCRIPT_SANDBOXING = YES;
				GCC_C_LANGUAGE_STANDARD = gnu17;
				GCC_DYNAMIC_NO_PIC = NO;
				GCC_NO_COMMON_BLOCKS = YES;
				GCC_OPTIMIZATION_LEVEL = 0;
				GCC_PREPROCESSOR_DEFINITIONS = (
					"DEBUG=1",
					"$(inherited)",
				);
				GCC_WARN_64_TO_32_BIT_CONVERSION = YES;
				GCC_WARN_ABOUT_RETURN_TYPE = YES_ERROR;
				GCC_WARN_UNDECLARED_SELECTOR = YES;
				GCC_WARN_UNINITIALIZED_AUTOS = YES_AGGRESSIVE;
				GCC_WARN_UNUSED_FUNCTION = YES;
				GCC_WARN_UNUSED_VARIABLE = YES;
				IPHONEOS_DEPLOYMENT_TARGET = 26.2;
				LOCALIZATION_PREFERS_STRING_CATALOGS = YES;
				MTL_ENABLE_DEBUG_INFO = INCLUDE_SOURCE;
				MTL_FAST_MATH = YES;
				ONLY_ACTIVE_ARCH = YES;
				SDKROOT = iphoneos;
				SWIFT_ACTIVE_COMPILATION_CONDITIONS = "DEBUG $(inherited)";
				SWIFT_OPTIMIZATION_LEVEL = "-Onone";
			};
			name = Debug;
		};
		55944DA92F56B3130067AB4A /* Release */ = {
			isa = XCBuildConfiguration;
			baseConfigurationReferenceAnchor = 55944D8B2F56B3110067AB4A /* MediChain */;
			baseConfigurationReferenceRelativePath = Config.xcconfig;
			buildSettings = {
				ALWAYS_SEARCH_USER_PATHS = NO;
				ASSETCATALOG_COMPILER_GENERATE_SWIFT_ASSET_SYMBOL_EXTENSIONS = YES;
				CLANG_ANALYZER_NONNULL = YES;
				CLANG_ANALYZER_NUMBER_OBJECT_CONVERSION = YES_AGGRESSIVE;
				CLANG_CXX_LANGUAGE_STANDARD = "gnu++20";
				CLANG_ENABLE_MODULES = YES;
				CLANG_ENABLE_OBJC_ARC = YES;
				CLANG_ENABLE_OBJC_WEAK = YES;
				CLANG_WARN_BLOCK_CAPTURE_AUTORELEASING = YES;
				CLANG_WARN_BOOL_CONVERSION = YES;
				CLANG_WARN_COMMA = YES;
				CLANG_WARN_CONSTANT_CONVERSION = YES;
				CLANG_WARN_DEPRECATED_OBJC_IMPLEMENTATIONS = YES;
				CLANG_WARN_DIRECT_OBJC_ISA_USAGE = YES_ERROR;
				CLANG_WARN_DOCUMENTATION_COMMENTS = YES;
				CLANG_WARN_EMPTY_BODY = YES;
				CLANG_WARN_ENUM_CONVERSION = YES;
				CLANG_WARN_INFINITE_RECURSION = YES;
				CLANG_WARN_INT_CONVERSION = YES;
				CLANG_WARN_NON_LITERAL_NULL_CONVERSION = YES;
				CLANG_WARN_OBJC_IMPLICIT_RETAIN_SELF = YES;
				CLANG_WARN_OBJC_LITERAL_CONVERSION = YES;
				CLANG_WARN_OBJC_ROOT_CLASS = YES_ERROR;
				CLANG_WARN_QUOTED_INCLUDE_IN_FRAMEWORK_HEADER = YES;
				CLANG_WARN_RANGE_LOOP_ANALYSIS = YES;
				CLANG_WARN_STRICT_PROTOTYPES = YES;
				CLANG_WARN_SUSPICIOUS_MOVE = YES;
				CLANG_WARN_UNGUARDED_AVAILABILITY = YES_AGGRESSIVE;
				CLANG_WARN_UNREACHABLE_CODE = YES;
				CLANG_WARN__DUPLICATE_METHOD_MATCH = YES;
				COPY_PHASE_STRIP = NO;
				DEBUG_INFORMATION_FORMAT = "dwarf-with-dsym";
				ENABLE_NS_ASSERTIONS = NO;
				ENABLE_STRICT_OBJC_MSGSEND = YES;
				ENABLE_USER_SCRIPT_SANDBOXING = YES;
				GCC_C_LANGUAGE_STANDARD = gnu17;
				GCC_NO_COMMON_BLOCKS = YES;
				GCC_WARN_64_TO_32_BIT_CONVERSION = YES;
				GCC_WARN_ABOUT_RETURN_TYPE = YES_ERROR;
				GCC_WARN_UNDECLARED_SELECTOR = YES;
				GCC_WARN_UNINITIALIZED_AUTOS = YES_AGGRESSIVE;
				GCC_WARN_UNUSED_FUNCTION = YES;
				GCC_WARN_UNUSED_VARIABLE = YES;
				IPHONEOS_DEPLOYMENT_TARGET = 26.2;
				LOCALIZATION_PREFERS_STRING_CATALOGS = YES;
				MTL_ENABLE_DEBUG_INFO = NO;
				MTL_FAST_MATH = YES;
				SDKROOT = iphoneos;
				SWIFT_COMPILATION_MODE = wholemodule;
				VALIDATE_PRODUCT = YES;
			};
			name = Release;
		};
		55944DAB2F56B3130067AB4A /* Debug */ = {
			isa = XCBuildConfiguration;
			baseConfigurationReferenceAnchor = 55944D8B2F56B3110067AB4A /* MediChain */;
			baseConfigurationReferenceRelativePath = Config.xcconfig;
			buildSettings = {
				ASSETCATALOG_COMPILER_APPICON_NAME = AppIcon;
				ASSETCATALOG_COMPILER_GLOBAL_ACCENT_COLOR_NAME = AccentColor;
				CODE_SIGN_STYLE = Automatic;
				CURRENT_PROJECT_VERSION = 1;
				ENABLE_PREVIEWS = YES;
				GENERATE_INFOPLIST_FILE = YES;
				INFOPLIST_FILE = MediChain/Info.plist;
				INFOPLIST_KEY_NSCameraUsageDescription = "We need access to the camera to scan your medical prescriptions.";
				INFOPLIST_KEY_UIApplicationSceneManifest_Generation = YES;
				INFOPLIST_KEY_UIApplicationSupportsIndirectInputEvents = YES;
				INFOPLIST_KEY_UILaunchScreen_Generation = YES;
				INFOPLIST_KEY_UISupportedInterfaceOrientations_iPad = "UIInterfaceOrientationPortrait UIInterfaceOrientationPortraitUpsideDown UIInterfaceOrientationLandscapeLeft UIInterfaceOrientationLandscapeRight";
				INFOPLIST_KEY_UISupportedInterfaceOrientations_iPhone = "UIInterfaceOrientationPortrait UIInterfaceOrientationLandscapeLeft UIInterfaceOrientationLandscapeRight";
				LD_RUNPATH_SEARCH_PATHS = (
					"$(inherited)",
					"@executable_path/Frameworks",
				);
				MARKETING_VERSION = 1.0;
				PRODUCT_BUNDLE_IDENTIFIER = com.mehedi.MediChain;
				PRODUCT_NAME = "$(TARGET_NAME)";
				STRING_CATALOG_GENERATE_SYMBOLS = YES;
				SWIFT_APPROACHABLE_CONCURRENCY = YES;
				SWIFT_DEFAULT_ACTOR_ISOLATION = MainActor;
				SWIFT_EMIT_LOC_STRINGS = YES;
				SWIFT_UPCOMING_FEATURE_MEMBER_IMPORT_VISIBILITY = YES;
				SWIFT_VERSION = 5.0;
				TARGETED_DEVICE_FAMILY = "1,2";
			};
			name = Debug;
		};
		55944DAC2F56B3130067AB4A /* Release */ = {
			isa = XCBuildConfiguration;
			baseConfigurationReferenceAnchor = 55944D8B2F56B3110067AB4A /* MediChain */;
			baseConfigurationReferenceRelativePath = Config.xcconfig;
			buildSettings = {
				ASSETCATALOG_COMPILER_APPICON_NAME = AppIcon;
				ASSETCATALOG_COMPILER_GLOBAL_ACCENT_COLOR_NAME = AccentColor;
				CODE_SIGN_STYLE = Automatic;
				CURRENT_PROJECT_VERSION = 1;
				ENABLE_PREVIEWS = YES;
				GENERATE_INFOPLIST_FILE = YES;
				INFOPLIST_FILE = MediChain/Info.plist;
				INFOPLIST_KEY_NSCameraUsageDescription = "We need access to the camera to scan your medical prescriptions.";
				INFOPLIST_KEY_UIApplicationSceneManifest_Generation = YES;
				INFOPLIST_KEY_UIApplicationSupportsIndirectInputEvents = YES;
				INFOPLIST_KEY_UILaunchScreen_Generation = YES;
				INFOPLIST_KEY_UISupportedInterfaceOrientations_iPad = "UIInterfaceOrientationPortrait UIInterfaceOrientationPortraitUpsideDown UIInterfaceOrientationLandscapeLeft UIInterfaceOrientationLandscapeRight";
				INFOPLIST_KEY_UISupportedInterfaceOrientations_iPhone = "UIInterfaceOrientationPortrait UIInterfaceOrientationLandscapeLeft UIInterfaceOrientationLandscapeRight";
				LD_RUNPATH_SEARCH_PATHS = (
					"$(inherited)",
					"@executable_path/Frameworks",
				);
				MARKETING_VERSION = 1.0;
				PRODUCT_BUNDLE_IDENTIFIER = com.mehedi.MediChain;
				PRODUCT_NAME = "$(TARGET_NAME)";
				STRING_CATALOG_GENERATE_SYMBOLS = YES;
				SWIFT_APPROACHABLE_CONCURRENCY = YES;
				SWIFT_DEFAULT_ACTOR_ISOLATION = MainActor;
				SWIFT_EMIT_LOC_STRINGS = YES;
				SWIFT_UPCOMING_FEATURE_MEMBER_IMPORT_VISIBILITY = YES;
				SWIFT_VERSION = 5.0;
				TARGETED_DEVICE_FAMILY = "1,2";
			};
			name = Release;
		};
		55944DAE2F56B3130067AB4A /* Debug */ = {
			isa = XCBuildConfiguration;
			buildSettings = {
				BUNDLE_LOADER = "$(TEST_HOST)";
				CODE_SIGN_STYLE = Automatic;
				CURRENT_PROJECT_VERSION = 1;
				GENERATE_INFOPLIST_FILE = YES;
				IPHONEOS_DEPLOYMENT_TARGET = 26.2;
				MARKETING_VERSION = 1.0;
				PRODUCT_BUNDLE_IDENTIFIER = com.mehedi.MediChainTests;
				PRODUCT_NAME = "$(TARGET_NAME)";
				STRING_CATALOG_GENERATE_SYMBOLS = NO;
				SWIFT_APPROACHABLE_CONCURRENCY = YES;
				SWIFT_EMIT_LOC_STRINGS = NO;
				SWIFT_UPCOMING_FEATURE_MEMBER_IMPORT_VISIBILITY = YES;
				SWIFT_VERSION = 5.0;
				TARGETED_DEVICE_FAMILY = "1,2";
				TEST_HOST = "$(BUILT_PRODUCTS_DIR)/MediChain.app/$(BUNDLE_EXECUTABLE_FOLDER_PATH)/MediChain";
			};
			name = Debug;
		};
		55944DAF2F56B3130067AB4A /* Release */ = {
			isa = XCBuildConfiguration;
			buildSettings = {
				BUNDLE_LOADER = "$(TEST_HOST)";
				CODE_SIGN_STYLE = Automatic;
				CURRENT_PROJECT_VERSION = 1;
				GENERATE_INFOPLIST_FILE = YES;
				IPHONEOS_DEPLOYMENT_TARGET = 26.2;
				MARKETING_VERSION = 1.0;
				PRODUCT_BUNDLE_IDENTIFIER = com.mehedi.MediChainTests;
				PRODUCT_NAME = "$(TARGET_NAME)";
				STRING_CATALOG_GENERATE_SYMBOLS = NO;
				SWIFT_APPROACHABLE_CONCURRENCY = YES;
				SWIFT_EMIT_LOC_STRINGS = NO;
				SWIFT_UPCOMING_FEATURE_MEMBER_IMPORT_VISIBILITY = YES;
				SWIFT_VERSION = 5.0;
				TARGETED_DEVICE_FAMILY = "1,2";
				TEST_HOST = "$(BUILT_PRODUCTS_DIR)/MediChain.app/$(BUNDLE_EXECUTABLE_FOLDER_PATH)/MediChain";
			};
			name = Release;
		};
		55944DB12F56B3130067AB4A /* Debug */ = {
			isa = XCBuildConfiguration;
			buildSettings = {
				CODE_SIGN_STYLE = Automatic;
				CURRENT_PROJECT_VERSION = 1;
				GENERATE_INFOPLIST_FILE = YES;
				MARKETING_VERSION = 1.0;
				PRODUCT_BUNDLE_IDENTIFIER = com.mehedi.MediChainUITests;
				PRODUCT_NAME = "$(TARGET_NAME)";
				STRING_CATALOG_GENERATE_SYMBOLS = NO;
				SWIFT_APPROACHABLE_CONCURRENCY = YES;
				SWIFT_EMIT_LOC_STRINGS = NO;
				SWIFT_UPCOMING_FEATURE_MEMBER_IMPORT_VISIBILITY = YES;
				SWIFT_VERSION = 5.0;
				TARGETED_DEVICE_FAMILY = "1,2";
				TEST_TARGET_NAME = MediChain;
			};
			name = Debug;
		};
		55944DB22F56B3130067AB4A /* Release */ = {
			isa = XCBuildConfiguration;
			buildSettings = {
				CODE_SIGN_STYLE = Automatic;
				CURRENT_PROJECT_VERSION = 1;
				GENERATE_INFOPLIST_FILE = YES;
				MARKETING_VERSION = 1.0;
				PRODUCT_BUNDLE_IDENTIFIER = com.mehedi.MediChainUITests;
				PRODUCT_NAME = "$(TARGET_NAME)";
				STRING_CATALOG_GENERATE_SYMBOLS = NO;
				SWIFT_APPROACHABLE_CONCURRENCY = YES;
				SWIFT_EMIT_LOC_STRINGS = NO;
				SWIFT_UPCOMING_FEATURE_MEMBER_IMPORT_VISIBILITY = YES;
				SWIFT_VERSION = 5.0;
				TARGETED_DEVICE_FAMILY = "1,2";
				TEST_TARGET_NAME = MediChain;
			};
			name = Release;
		};
/* End XCBuildConfiguration section */

/* Begin XCConfigurationList section */
		55944D842F56B3110067AB4A /* Build configuration list for PBXProject "MediChain" */ = {
			isa = XCConfigurationList;
			buildConfigurations = (
				55944DA82F56B3130067AB4A /* Debug */,
				55944DA92F56B3130067AB4A /* Release */,
			);
			defaultConfigurationIsVisible = 0;
			defaultConfigurationName = Release;
		};
		55944DAA2F56B3130067AB4A /* Build configuration list for PBXNativeTarget "MediChain" */ = {
			isa = XCConfigurationList;
			buildConfigurations = (
				55944DAB2F56B3130067AB4A /* Debug */,
				55944DAC2F56B3130067AB4A /* Release */,
			);
			defaultConfigurationIsVisible = 0;
			defaultConfigurationName = Release;
		};
		55944DAD2F56B3130067AB4A /* Build configuration list for PBXNativeTarget "MediChainTests" */ = {
			isa = XCConfigurationList;
			buildConfigurations = (
				55944DAE2F56B3130067AB4A /* Debug */,
				55944DAF2F56B3130067AB4A /* Release */,
			);
			defaultConfigurationIsVisible = 0;
			defaultConfigurationName = Release;
		};
		55944DB02F56B3130067AB4A /* Build configuration list for PBXNativeTarget "MediChainUITests" */ = {
			isa = XCConfigurationList;
			buildConfigurations = (
				55944DB12F56B3130067AB4A /* Debug */,
				55944DB22F56B3130067AB4A /* Release */,
			);
			defaultConfigurationIsVisible = 0;
			defaultConfigurationName = Release;
		};
/* End XCConfigurationList section */

/* Begin XCRemoteSwiftPackageReference section */
		55944DB52F56B7360067AB4A /* XCRemoteSwiftPackageReference "firebase-ios-sdk" */ = {
			isa = XCRemoteSwiftPackageReference;
			repositoryURL = "https://github.com/firebase/firebase-ios-sdk";
			requirement = {
				kind = upToNextMajorVersion;
				minimumVersion = 12.10.0;
			};
		};
		55C91D762F5DDE1400D37971 /* XCRemoteSwiftPackageReference "generative-ai-swift" */ = {
			isa = XCRemoteSwiftPackageReference;
			repositoryURL = "https://github.com/google/generative-ai-swift";
			requirement = {
				kind = upToNextMajorVersion;
				minimumVersion = 0.5.6;
			};
		};
/* End XCRemoteSwiftPackageReference section */

/* Begin XCSwiftPackageProductDependency section */
		5508D2922F894DF60039E1B4 /* FirebaseStorage */ = {
			isa = XCSwiftPackageProductDependency;
			package = 55944DB52F56B7360067AB4A /* XCRemoteSwiftPackageReference "firebase-ios-sdk" */;
			productName = FirebaseStorage;
		};
		55944DB62F56B7370067AB4A /* FirebaseAuth */ = {
			isa = XCSwiftPackageProductDependency;
			package = 55944DB52F56B7360067AB4A /* XCRemoteSwiftPackageReference "firebase-ios-sdk" */;
			productName = FirebaseAuth;
		};
		55944DB82F56B7370067AB4A /* FirebaseFirestore */ = {
			isa = XCSwiftPackageProductDependency;
			package = 55944DB52F56B7360067AB4A /* XCRemoteSwiftPackageReference "firebase-ios-sdk" */;
			productName = FirebaseFirestore;
		};
		55C91D772F5DDE1400D37971 /* GoogleGenerativeAI */ = {
			isa = XCSwiftPackageProductDependency;
			package = 55C91D762F5DDE1400D37971 /* XCRemoteSwiftPackageReference "generative-ai-swift" */;
			productName = GoogleGenerativeAI;
		};
/* End XCSwiftPackageProductDependency section */
	};
	rootObject = 55944D812F56B3110067AB4A /* Project object */;
}
